{
	"name": "@dagher/value-cache",
	"version": "1.0.3",
	"lockfileVersion": 2,
	"requires": true,
	"packages": {
		"": {
			"name": "@dagher/value-cache",
			"version": "1.0.3",
			"license": "EUPL-1.2",
			"devDependencies": {
				"@types/node": "^25",
				"prettier": "3.7.4"
			}
		},
		"node_modules/@types/node": {
			"version": "25.2.2",
			"resolved": "https://registry.npmjs.org/@types/node/-/node-25.2.2.tgz",
			"integrity": "sha512-BkmoP5/FhRYek5izySdkOneRyXYN35I860MFAGupTdebyE66uZaR+bXLHq8k4DirE5DwQi3NuhvRU1jqTVwUrQ==",
			"dev": true,
			"dependencies": {
				"undici-types": "~7.16.0"
			}
		},
		"node_modules/prettier": {
			"version": "3.7.4",
			"resolved": "https://registry.npmjs.org/prettier/-/prettier-3.7.4.tgz",
			"integrity": "sha512-v6UNi1+3hSlVvv8fSaoUbggEM5VErKmmpGA7Pl3HF8V6uKY7rvClBOJlH6yNwQtfTueNkGVpOv/mtWL9L4bgRA==",
			"dev": true,
			"bin": {
				"prettier": "bin/prettier.cjs"
			},
			"engines": {
				"node": ">=14"
			},
			"funding": {
				"url": "https://github.com/prettier/prettier?sponsor=1"
			}
		},
		"node_modules/undici-types": {
			"version": "7.16.0",
			"resolved": "https://registry.npmjs.org/undici-types/-/undici-types-7.16.0.tgz",
			"integrity": "sha512-Zz+aZWSj8LE6zoxD+xrjh4VfkIG8Ya6LvYkZqtUQGJPZjYl53ypCaUwWqo7eI0x66KBGeRo+mlBEkMSeSZ38Nw==",
			"dev": true
		}
	},
	"dependencies": {
		"@types/node": {
			"version": "25.2.2",
			"resolved": "https://registry.npmjs.org/@types/node/-/node-25.2.2.tgz",
			"integrity": "sha512-BkmoP5/FhRYek5izySdkOneRyXYN35I860MFAGupTdebyE66uZaR+bXLHq8k4DirE5DwQi3NuhvRU1jqTVwUrQ==",
			"dev": true,
			"requires": {
				"undici-types": "~7.16.0"
			}
		},
		"prettier": {
			"version": "3.7.4",
			"resolved": "https://registry.npmjs.org/prettier/-/prettier-3.7.4.tgz",
			"integrity": "sha512-v6UNi1+3hSlVvv8fSaoUbggEM5VErKmmpGA7Pl3HF8V6uKY7rvClBOJlH6yNwQtfTueNkGVpOv/mtWL9L4bgRA==",
			"dev": true
		},
		"undici-types": {
			"version": "7.16.0",
			"resolved": "https://registry.npmjs.org/undici-types/-/undici-types-7.16.0.tgz",
			"integrity": "sha512-Zz+aZWSj8LE6zoxD+xrjh4VfkIG8Ya6LvYkZqtUQGJPZjYl53ypCaUwWqo7eI0x66KBGeRo+mlBEkMSeSZ38Nw==",
			"dev": true
		}
	}
}
